
Microsoft Visual Studio Solution File, Format Version 12.00
# Visual Studio Version 16
VisualStudioVersion = 16.0.32002.261
MinimumVisualStudioVersion = 10.0.40219.1
Project("{FAE04EC0-301F-11D3-BF4B-00C04F79EFBC}") = "Mission2", "Mission2\Mission2.csproj", "{05FD3AA2-47D0-4814-9309-E061B9CC289F}"
EndProject
Global
	GlobalSection(SolutionConfigurationPlatforms) = preSolution
		Debug|Any CPU = Debug|Any CPU
		Release|Any CPU = Release|Any CPU
	EndGlobalSection
	GlobalSection(ProjectConfigurationPlatforms) = postSolution
		{05FD3AA2-47D0-4814-9309-E061B9CC289F}.Debug|Any CPU.ActiveCfg = Debug|Any CPU
		{05FD3AA2-47D0-4814-9309-E061B9CC289F}.Debug|Any CPU.Build.0 = Debug|Any CPU
		{05FD3AA2-47D0-4814-9309-E061B9CC289F}.Release|Any CPU.ActiveCfg = Release|Any CPU
		{05FD3AA2-47D0-4814-9309-E061B9CC289F}.Release|Any CPU.Build.0 = Release|Any CPU
	EndGlobalSection
	GlobalSection(SolutionProperties) = preSolution
		HideSolutionNode = FALSE
	EndGlobalSection
	GlobalSection(ExtensibilityGlobals) = postSolution
		SolutionGuid = {98E3521A-5D11-4B3B-A46C-43AA27B7F175}
	EndGlobalSection
EndGlobal
